
Microsoft Visual Studio Solution File, Format Version 12.00
# Visual Studio Version 16
VisualStudioVersion = 16.0.32106.194
MinimumVisualStudioVersion = 10.0.40219.1
Project("{9A19103F-16F7-4668-BE54-9A1E7A4F7556}") = "TurtleChallenge", "TurtleChallenge\TurtleChallenge.csproj", "{0B07DFC1-32DC-4641-972D-F9A30D70645D}"
EndProject
Project("{FAE04EC0-301F-11D3-BF4B-00C04F79EFBC}") = "PowerRanger", "PowerRanger\PowerRanger.csproj", "{66C40ADE-D583-41C8-B8E8-193530C7C77F}"
EndProject
Global
	GlobalSection(SolutionConfigurationPlatforms) = preSolution
		Debug|Any CPU = Debug|Any CPU
		Release|Any CPU = Release|Any CPU
	EndGlobalSection
	GlobalSection(ProjectConfigurationPlatforms) = postSolution
		{0B07DFC1-32DC-4641-972D-F9A30D70645D}.Debug|Any CPU.ActiveCfg = Debug|Any CPU
		{0B07DFC1-32DC-4641-972D-F9A30D70645D}.Debug|Any CPU.Build.0 = Debug|Any CPU
		{0B07DFC1-32DC-4641-972D-F9A30D70645D}.Release|Any CPU.ActiveCfg = Release|Any CPU
		{0B07DFC1-32DC-4641-972D-F9A30D70645D}.Release|Any CPU.Build.0 = Release|Any CPU
		{66C40ADE-D583-41C8-B8E8-193530C7C77F}.Debug|Any CPU.ActiveCfg = Debug|Any CPU
		{66C40ADE-D583-41C8-B8E8-193530C7C77F}.Debug|Any CPU.Build.0 = Debug|Any CPU
		{66C40ADE-D583-41C8-B8E8-193530C7C77F}.Release|Any CPU.ActiveCfg = Release|Any CPU
		{66C40ADE-D583-41C8-B8E8-193530C7C77F}.Release|Any CPU.Build.0 = Release|Any CPU
	EndGlobalSection
	GlobalSection(SolutionProperties) = preSolution
		HideSolutionNode = FALSE
	EndGlobalSection
	GlobalSection(ExtensibilityGlobals) = postSolution
		SolutionGuid = {5C8FAB2E-C376-4C81-90ED-F6854F4A2B39}
	EndGlobalSection
EndGlobal
